
Microsoft Visual Studio Solution File, Format Version 12.00
# Visual Studio Version 17
VisualStudioVersion = 17.8.34309.116
MinimumVisualStudioVersion = 10.0.40219.1
Project("{FAE04EC0-301F-11D3-BF4B-00C04F79EFBC}") = "PicApp.Android", "PicApp\PicApp.Android\PicApp.Android.csproj", "{9E29A317-BFFC-42B4-BD2B-A77FB2F84F67}"
EndProject
Project("{FAE04EC0-301F-11D3-BF4B-00C04F79EFBC}") = "PicApp", "PicApp\PicApp\PicApp.csproj", "{74C8FCDA-D49E-41A4-A53C-589A31D22B6A}"
EndProject
Global
	GlobalSection(SolutionConfigurationPlatforms) = preSolution
		Debug|Any CPU = Debug|Any CPU
		Release|Any CPU = Release|Any CPU
	EndGlobalSection
	GlobalSection(ProjectConfigurationPlatforms) = postSolution
		{9E29A317-BFFC-42B4-BD2B-A77FB2F84F67}.Debug|Any CPU.ActiveCfg = Debug|Any CPU
		{9E29A317-BFFC-42B4-BD2B-A77FB2F84F67}.Debug|Any CPU.Build.0 = Debug|Any CPU
		{9E29A317-BFFC-42B4-BD2B-A77FB2F84F67}.Debug|Any CPU.Deploy.0 = Debug|Any CPU
		{9E29A317-BFFC-42B4-BD2B-A77FB2F84F67}.Release|Any CPU.ActiveCfg = Release|Any CPU
		{9E29A317-BFFC-42B4-BD2B-A77FB2F84F67}.Release|Any CPU.Build.0 = Release|Any CPU
		{9E29A317-BFFC-42B4-BD2B-A77FB2F84F67}.Release|Any CPU.Deploy.0 = Release|Any CPU
		{74C8FCDA-D49E-41A4-A53C-589A31D22B6A}.Debug|Any CPU.ActiveCfg = Debug|Any CPU
		{74C8FCDA-D49E-41A4-A53C-589A31D22B6A}.Debug|Any CPU.Build.0 = Debug|Any CPU
		{74C8FCDA-D49E-41A4-A53C-589A31D22B6A}.Debug|Any CPU.Deploy.0 = Debug|Any CPU
		{74C8FCDA-D49E-41A4-A53C-589A31D22B6A}.Release|Any CPU.ActiveCfg = Release|Any CPU
		{74C8FCDA-D49E-41A4-A53C-589A31D22B6A}.Release|Any CPU.Build.0 = Release|Any CPU
		{74C8FCDA-D49E-41A4-A53C-589A31D22B6A}.Release|Any CPU.Deploy.0 = Release|Any CPU
	EndGlobalSection
	GlobalSection(SolutionProperties) = preSolution
		HideSolutionNode = FALSE
	EndGlobalSection
	GlobalSection(ExtensibilityGlobals) = postSolution
		SolutionGuid = {BC658B4A-66BD-4AD5-B4CC-1E662CF9637F}
	EndGlobalSection
EndGlobal
